
Microsoft Visual Studio Solution File, Format Version 12.00
# Visual Studio 15
VisualStudioVersion = 15.0.26430.4
MinimumVisualStudioVersion = 10.0.40219.1
Project("{FAE04EC0-301F-11D3-BF4B-00C04F79EFBC}") = "Module 5 Lab 1", "Module 1\Module 5 Lab 1.csproj", "{F5FBA511-69A7-4DBA-B539-F97BDDDE1DA4}"
EndProject
Project("{FAE04EC0-301F-11D3-BF4B-00C04F79EFBC}") = "Module 5 Lab 2", "Module 5 lab 2\Module 5 Lab 2.csproj", "{D629AC51-BC8A-4E35-BEB0-126820DE8755}"
EndProject
Project("{FAE04EC0-301F-11D3-BF4B-00C04F79EFBC}") = "Module 5 Lab 3", "Module 5 Lab 3\Module 5 Lab 3.csproj", "{F9F3793C-F4C5-4515-83B5-C13F1E1D566C}"
EndProject
Project("{FAE04EC0-301F-11D3-BF4B-00C04F79EFBC}") = "Module 5 Lab 4", "Module 5 Lab 4\Module 5 Lab 4.csproj", "{77E418CF-A5AF-4066-9DA8-9C0195F2BE19}"
EndProject
Project("{FAE04EC0-301F-11D3-BF4B-00C04F79EFBC}") = "Recursion", "Recursion\Recursion.csproj", "{8DE1914D-FAFA-43E0-87D6-E13E2407109A}"
EndProject
Project("{FAE04EC0-301F-11D3-BF4B-00C04F79EFBC}") = "PublicOgPrivate", "PublicOgPrivate\PublicOgPrivate.csproj", "{108A3A04-108E-4764-AB5C-8705415D98A8}"
EndProject
Project("{FAE04EC0-301F-11D3-BF4B-00C04F79EFBC}") = "SimpleClass", "SimpleClass\SimpleClass.csproj", "{BB2CB761-03FE-48F9-9F4A-B3829F23EF77}"
EndProject
Global
	GlobalSection(SolutionConfigurationPlatforms) = preSolution
		Debug|Any CPU = Debug|Any CPU
		Release|Any CPU = Release|Any CPU
	EndGlobalSection
	GlobalSection(ProjectConfigurationPlatforms) = postSolution
		{F5FBA511-69A7-4DBA-B539-F97BDDDE1DA4}.Debug|Any CPU.ActiveCfg = Debug|Any CPU
		{F5FBA511-69A7-4DBA-B539-F97BDDDE1DA4}.Debug|Any CPU.Build.0 = Debug|Any CPU
		{F5FBA511-69A7-4DBA-B539-F97BDDDE1DA4}.Release|Any CPU.ActiveCfg = Release|Any CPU
		{F5FBA511-69A7-4DBA-B539-F97BDDDE1DA4}.Release|Any CPU.Build.0 = Release|Any CPU
		{D629AC51-BC8A-4E35-BEB0-126820DE8755}.Debug|Any CPU.ActiveCfg = Debug|Any CPU
		{D629AC51-BC8A-4E35-BEB0-126820DE8755}.Debug|Any CPU.Build.0 = Debug|Any CPU
		{D629AC51-BC8A-4E35-BEB0-126820DE8755}.Release|Any CPU.ActiveCfg = Release|Any CPU
		{D629AC51-BC8A-4E35-BEB0-126820DE8755}.Release|Any CPU.Build.0 = Release|Any CPU
		{F9F3793C-F4C5-4515-83B5-C13F1E1D566C}.Debug|Any CPU.ActiveCfg = Debug|Any CPU
		{F9F3793C-F4C5-4515-83B5-C13F1E1D566C}.Debug|Any CPU.Build.0 = Debug|Any CPU
		{F9F3793C-F4C5-4515-83B5-C13F1E1D566C}.Release|Any CPU.ActiveCfg = Release|Any CPU
		{F9F3793C-F4C5-4515-83B5-C13F1E1D566C}.Release|Any CPU.Build.0 = Release|Any CPU
		{77E418CF-A5AF-4066-9DA8-9C0195F2BE19}.Debug|Any CPU.ActiveCfg = Debug|Any CPU
		{77E418CF-A5AF-4066-9DA8-9C0195F2BE19}.Debug|Any CPU.Build.0 = Debug|Any CPU
		{77E418CF-A5AF-4066-9DA8-9C0195F2BE19}.Release|Any CPU.ActiveCfg = Release|Any CPU
		{77E418CF-A5AF-4066-9DA8-9C0195F2BE19}.Release|Any CPU.Build.0 = Release|Any CPU
		{8DE1914D-FAFA-43E0-87D6-E13E2407109A}.Debug|Any CPU.ActiveCfg = Debug|Any CPU
		{8DE1914D-FAFA-43E0-87D6-E13E2407109A}.Debug|Any CPU.Build.0 = Debug|Any CPU
		{8DE1914D-FAFA-43E0-87D6-E13E2407109A}.Release|Any CPU.ActiveCfg = Release|Any CPU
		{8DE1914D-FAFA-43E0-87D6-E13E2407109A}.Release|Any CPU.Build.0 = Release|Any CPU
		{108A3A04-108E-4764-AB5C-8705415D98A8}.Debug|Any CPU.ActiveCfg = Debug|Any CPU
		{108A3A04-108E-4764-AB5C-8705415D98A8}.Debug|Any CPU.Build.0 = Debug|Any CPU
		{108A3A04-108E-4764-AB5C-8705415D98A8}.Release|Any CPU.ActiveCfg = Release|Any CPU
		{108A3A04-108E-4764-AB5C-8705415D98A8}.Release|Any CPU.Build.0 = Release|Any CPU
		{BB2CB761-03FE-48F9-9F4A-B3829F23EF77}.Debug|Any CPU.ActiveCfg = Debug|Any CPU
		{BB2CB761-03FE-48F9-9F4A-B3829F23EF77}.Debug|Any CPU.Build.0 = Debug|Any CPU
		{BB2CB761-03FE-48F9-9F4A-B3829F23EF77}.Release|Any CPU.ActiveCfg = Release|Any CPU
		{BB2CB761-03FE-48F9-9F4A-B3829F23EF77}.Release|Any CPU.Build.0 = Release|Any CPU
	EndGlobalSection
	GlobalSection(SolutionProperties) = preSolution
		HideSolutionNode = FALSE
	EndGlobalSection
EndGlobal
